// !$*UTF8*$!
{
	archiveVersion = 1;
	classes = {
	};
	objectVersion = 50;
	objects = {

/* Begin PBXBuildFile section */
		A9E6E4EF253B5EA8008B4A33 /* CameraPreview.swift in Sources */ = {isa = PBXBuildFile; fileRef = A9E6E4EE253B5EA8008B4A33 /* CameraPreview.swift */; };
		A9FE17852539494300D547C7 /* SwiftCameraApp.swift in Sources */ = {isa = PBXBuildFile; fileRef = A9FE17842539494300D547C7 /* SwiftCameraApp.swift */; };
		A9FE17872539494300D547C7 /* ContentView.swift in Sources */ = {isa = PBXBuildFile; fileRef = A9FE17862539494300D547C7 /* ContentView.swift */; };
		A9FE17892539494700D547C7 /* Assets.xcassets in Resources */ = {isa = PBXBuildFile; fileRef = A9FE17882539494700D547C7 /* Assets.xcassets */; };
		A9FE178C2539494700D547C7 /* Preview Assets.xcassets in Resources */ = {isa = PBXBuildFile; fileRef = A9FE178B2539494700D547C7 /* Preview Assets.xcassets */; };
		A9FE17972539494700D547C7 /* SwiftCameraTests.swift in Sources */ = {isa = PBXBuildFile; fileRef = A9FE17962539494700D547C7 /* SwiftCameraTests.swift */; };
		A9FE17A22539494700D547C7 /* SwiftCameraUITests.swift in Sources */ = {isa = PBXBuildFile; fileRef = A9FE17A12539494700D547C7 /* SwiftCameraUITests.swift */; };
		A9FE17B725394F1E00D547C7 /* CameraService+Enums.swift in Sources */ = {isa = PBXBuildFile; fileRef = A9FE17B225394F1C00D547C7 /* CameraService+Enums.swift */; };
		A9FE17B825394F1E00D547C7 /* ImageResizer.swift in Sources */ = {isa = PBXBuildFile; fileRef = A9FE17B325394F1D00D547C7 /* ImageResizer.swift */; };
		A9FE17B925394F1E00D547C7 /* CameraService.swift in Sources */ = {isa = PBXBuildFile; fileRef = A9FE17B425394F1D00D547C7 /* CameraService.swift */; };
		A9FE17BA25394F1E00D547C7 /* PhotoCaptureProcessor.swift in Sources */ = {isa = PBXBuildFile; fileRef = A9FE17B525394F1E00D547C7 /* PhotoCaptureProcessor.swift */; };
		A9FE17BB25394F1E00D547C7 /* CameraService+Extensions.swift in Sources */ = {isa = PBXBuildFile; fileRef = A9FE17B625394F1E00D547C7 /* CameraService+Extensions.swift */; };
/* End PBXBuildFile section */

/* Begin PBXContainerItemProxy section */
		A9FE17932539494700D547C7 /* PBXContainerItemProxy */ = {
			isa = PBXContainerItemProxy;
			containerPortal = A9FE17792539494300D547C7 /* Project object */;
			proxyType = 1;
			remoteGlobalIDString = A9FE17802539494300D547C7;
			remoteInfo = SwiftCamera;
		};
		A9FE179E2539494700D547C7 /* PBXContainerItemProxy */ = {
			isa = PBXContainerItemProxy;
			containerPortal = A9FE17792539494300D547C7 /* Project object */;
			proxyType = 1;
			remoteGlobalIDString = A9FE17802539494300D547C7;
			remoteInfo = SwiftCamera;
		};
/* End PBXContainerItemProxy section */

/* Begin PBXFileReference section */
		A9E6E4EE253B5EA8008B4A33 /* CameraPreview.swift */ = {isa = PBXFileReference; lastKnownFileType = sourcecode.swift; path = CameraPreview.swift; sourceTree = "<group>"; };
		A9FE17812539494300D547C7 /* SwiftCamera.app */ = {isa = PBXFileReference; explicitFileType = wrapper.application; includeInIndex = 0; path = SwiftCamera.app; sourceTree = BUILT_PRODUCTS_DIR; };
		A9FE17842539494300D547C7 /* SwiftCameraApp.swift */ = {isa = PBXFileReference; lastKnownFileType = sourcecode.swift; path = SwiftCameraApp.swift; sourceTree = "<group>"; };
		A9FE17862539494300D547C7 /* ContentView.swift */ = {isa = PBXFileReference; lastKnownFileType = sourcecode.swift; path = ContentView.swift; sourceTree = "<group>"; };
		A9FE17882539494700D547C7 /* Assets.xcassets */ = {isa = PBXFileReference; lastKnownFileType = folder.assetcatalog; path = Assets.xcassets; sourceTree = "<group>"; };
		A9FE178B2539494700D547C7 /* Preview Assets.xcassets */ = {isa = PBXFileReference; lastKnownFileType = folder.assetcatalog; path = "Preview Assets.xcassets"; sourceTree = "<group>"; };
		A9FE178D2539494700D547C7 /* Info.plist */ = {isa = PBXFileReference; lastKnownFileType = text.plist.xml; path = Info.plist; sourceTree = "<group>"; };
		A9FE17922539494700D547C7 /* SwiftCameraTests.xctest */ = {isa = PBXFileReference; explicitFileType = wrapper.cfbundle; includeInIndex = 0; path = SwiftCameraTests.xctest; sourceTree = BUILT_PRODUCTS_DIR; };
		A9FE17962539494700D547C7 /* SwiftCameraTests.swift */ = {isa = PBXFileReference; lastKnownFileType = sourcecode.swift; path = SwiftCameraTests.swift; sourceTree = "<group>"; };
		A9FE17982539494700D547C7 /* Info.plist */ = {isa = PBXFileReference; lastKnownFileType = text.plist.xml; path = Info.plist; sourceTree = "<group>"; };
		A9FE179D2539494700D547C7 /* SwiftCameraUITests.xctest */ = {isa = PBXFileReference; explicitFileType = wrapper.cfbundle; includeInIndex = 0; path = SwiftCameraUITests.xctest; sourceTree = BUILT_PRODUCTS_DIR; };
		A9FE17A12539494700D547C7 /* SwiftCameraUITests.swift */ = {isa = PBXFileReference; lastKnownFileType = sourcecode.swift; path = SwiftCameraUITests.swift; sourceTree = "<group>"; };
		A9FE17A32539494700D547C7 /* Info.plist */ = {isa = PBXFileReference; lastKnownFileType = text.plist.xml; path = Info.plist; sourceTree = "<group>"; };
		A9FE17B225394F1C00D547C7 /* CameraService+Enums.swift */ = {isa = PBXFileReference; fileEncoding = 4; lastKnownFileType = sourcecode.swift; path = "CameraService+Enums.swift"; sourceTree = "<group>"; };
		A9FE17B325394F1D00D547C7 /* ImageResizer.swift */ = {isa = PBXFileReference; fileEncoding = 4; lastKnownFileType = sourcecode.swift; path = ImageResizer.swift; sourceTree = "<group>"; };
		A9FE17B425394F1D00D547C7 /* CameraService.swift */ = {isa = PBXFileReference; fileEncoding = 4; lastKnownFileType = sourcecode.swift; path = CameraService.swift; sourceTree = "<group>"; };
		A9FE17B525394F1E00D547C7 /* PhotoCaptureProcessor.swift */ = {isa = PBXFileReference; fileEncoding = 4; lastKnownFileType = sourcecode.swift; path = PhotoCaptureProcessor.swift; sourceTree = "<group>"; };
		A9FE17B625394F1E00D547C7 /* CameraService+Extensions.swift */ = {isa = PBXFileReference; fileEncoding = 4; lastKnownFileType = sourcecode.swift; path = "CameraService+Extensions.swift"; sourceTree = "<group>"; };
/* End PBXFileReference section */

/* Begin PBXFrameworksBuildPhase section */
		A9FE177E2539494300D547C7 /* Frameworks */ = {
			isa = PBXFrameworksBuildPhase;
			buildActionMask = 2147483647;
			files = (
			);
			runOnlyForDeploymentPostprocessing = 0;
		};
		A9FE178F2539494700D547C7 /* Frameworks */ = {
			isa = PBXFrameworksBuildPhase;
			buildActionMask = 2147483647;
			files = (
			);
			runOnlyForDeploymentPostprocessing = 0;
		};
		A9FE179A2539494700D547C7 /* Frameworks */ = {
			isa = PBXFrameworksBuildPhase;
			buildActionMask = 2147483647;
			files = (
			);
			runOnlyForDeploymentPostprocessing = 0;
		};
/* End PBXFrameworksBuildPhase section */

/* Begin PBXGroup section */
		A9FE17782539494300D547C7 = {
			isa = PBXGroup;
			children = (
				A9FE17832539494300D547C7 /* SwiftCamera */,
				A9FE17952539494700D547C7 /* SwiftCameraTests */,
				A9FE17A02539494700D547C7 /* SwiftCameraUITests */,
				A9FE17822539494300D547C7 /* Products */,
			);
			sourceTree = "<group>";
		};
		A9FE17822539494300D547C7 /* Products */ = {
			isa = PBXGroup;
			children = (
				A9FE17812539494300D547C7 /* SwiftCamera.app */,
				A9FE17922539494700D547C7 /* SwiftCameraTests.xctest */,
				A9FE179D2539494700D547C7 /* SwiftCameraUITests.xctest */,
			);
			name = Products;
			sourceTree = "<group>";
		};
		A9FE17832539494300D547C7 /* SwiftCamera */ = {
			isa = PBXGroup;
			children = (
				A9FE17842539494300D547C7 /* SwiftCameraApp.swift */,
				A9FE17862539494300D547C7 /* ContentView.swift */,
				A9FE17B425394F1D00D547C7 /* CameraService.swift */,
				A9FE17B225394F1C00D547C7 /* CameraService+Enums.swift */,
				A9FE17B625394F1E00D547C7 /* CameraService+Extensions.swift */,
				A9FE17B325394F1D00D547C7 /* ImageResizer.swift */,
				A9FE17B525394F1E00D547C7 /* PhotoCaptureProcessor.swift */,
				A9FE17882539494700D547C7 /* Assets.xcassets */,
				A9FE178D2539494700D547C7 /* Info.plist */,
				A9FE178A2539494700D547C7 /* Preview Content */,
				A9E6E4EE253B5EA8008B4A33 /* CameraPreview.swift */,
			);
			path = SwiftCamera;
			sourceTree = "<group>";
		};
		A9FE178A2539494700D547C7 /* Preview Content */ = {
			isa = PBXGroup;
			children = (
				A9FE178B2539494700D547C7 /* Preview Assets.xcassets */,
			);
			path = "Preview Content";
			sourceTree = "<group>";
		};
		A9FE17952539494700D547C7 /* SwiftCameraTests */ = {
			isa = PBXGroup;
			children = (
				A9FE17962539494700D547C7 /* SwiftCameraTests.swift */,
				A9FE17982539494700D547C7 /* Info.plist */,
			);
			path = SwiftCameraTests;
			sourceTree = "<group>";
		};
		A9FE17A02539494700D547C7 /* SwiftCameraUITests */ = {
			isa = PBXGroup;
			children = (
				A9FE17A12539494700D547C7 /* SwiftCameraUITests.swift */,
				A9FE17A32539494700D547C7 /* Info.plist */,
			);
			path = SwiftCameraUITests;
			sourceTree = "<group>";
		};
/* End PBXGroup section */

/* Begin PBXNativeTarget section */
		A9FE17802539494300D547C7 /* SwiftCamera */ = {
			isa = PBXNativeTarget;
			buildConfigurationList = A9FE17A62539494700D547C7 /* Build configuration list for PBXNativeTarget "SwiftCamera" */;
			buildPhases = (
				A9FE177D2539494300D547C7 /* Sources */,
				A9FE177E2539494300D547C7 /* Frameworks */,
				A9FE177F2539494300D547C7 /* Resources */,
			);
			buildRules = (
			);
			dependencies = (
			);
			name = SwiftCamera;
			productName = SwiftCamera;
			productReference = A9FE17812539494300D547C7 /* SwiftCamera.app */;
			productType = "com.apple.product-type.application";
		};
		A9FE17912539494700D547C7 /* SwiftCameraTests */ = {
			isa = PBXNativeTarget;
			buildConfigurationList = A9FE17A92539494700D547C7 /* Build configuration list for PBXNativeTarget "SwiftCameraTests" */;
			buildPhases = (
				A9FE178E2539494700D547C7 /* Sources */,
				A9FE178F2539494700D547C7 /* Frameworks */,
				A9FE17902539494700D547C7 /* Resources */,
			);
			buildRules = (
			);
			dependencies = (
				A9FE17942539494700D547C7 /* PBXTargetDependency */,
			);
			name = SwiftCameraTests;
			productName = SwiftCameraTests;
			productReference = A9FE17922539494700D547C7 /* SwiftCameraTests.xctest */;
			productType = "com.apple.product-type.bundle.unit-test";
		};
		A9FE179C2539494700D547C7 /* SwiftCameraUITests */ = {
			isa = PBXNativeTarget;
			buildConfigurationList = A9FE17AC2539494700D547C7 /* Build configuration list for PBXNativeTarget "SwiftCameraUITests" */;
			buildPhases = (
				A9FE17992539494700D547C7 /* Sources */,
				A9FE179A2539494700D547C7 /* Frameworks */,
				A9FE179B2539494700D547C7 /* Resources */,
			);
			buildRules = (
			);
			dependencies = (
				A9FE179F2539494700D547C7 /* PBXTargetDependency */,
			);
			name = SwiftCameraUITests;
			productName = SwiftCameraUITests;
			productReference = A9FE179D2539494700D547C7 /* SwiftCameraUITests.xctest */;
			productType = "com.apple.product-type.bundle.ui-testing";
		};
/* End PBXNativeTarget section */

/* Begin PBXProject section */
		A9FE17792539494300D547C7 /* Project object */ = {
			isa = PBXProject;
			attributes = {
				LastSwiftUpdateCheck = 1200;
				LastUpgradeCheck = 1200;
				TargetAttributes = {
					A9FE17802539494300D547C7 = {
						CreatedOnToolsVersion = 12.0.1;
					};
					A9FE17912539494700D547C7 = {
						CreatedOnToolsVersion = 12.0.1;
						TestTargetID = A9FE17802539494300D547C7;
					};
					A9FE179C2539494700D547C7 = {
						CreatedOnToolsVersion = 12.0.1;
						TestTargetID = A9FE17802539494300D547C7;
					};
				};
			};
			buildConfigurationList = A9FE177C2539494300D547C7 /* Build configuration list for PBXProject "SwiftCamera" */;
			compatibilityVersion = "Xcode 9.3";
			developmentRegion = en;
			hasScannedForEncodings = 0;
			knownRegions = (
				en,
				Base,
			);
			mainGroup = A9FE17782539494300D547C7;
			productRefGroup = A9FE17822539494300D547C7 /* Products */;
			projectDirPath = "";
			projectRoot = "";
			targets = (
				A9FE17802539494300D547C7 /* SwiftCamera */,
				A9FE17912539494700D547C7 /* SwiftCameraTests */,
				A9FE179C2539494700D547C7 /* SwiftCameraUITests */,
			);
		};
/* End PBXProject section */

/* Begin PBXResourcesBuildPhase section */
		A9FE177F2539494300D547C7 /* Resources */ = {
			isa = PBXResourcesBuildPhase;
			buildActionMask = 2147483647;
			files = (
				A9FE178C2539494700D547C7 /* Preview Assets.xcassets in Resources */,
				A9FE17892539494700D547C7 /* Assets.xcassets in Resources */,
			);
			runOnlyForDeploymentPostprocessing = 0;
		};
		A9FE17902539494700D547C7 /* Resources */ = {
			isa = PBXResourcesBuildPhase;
			buildActionMask = 2147483647;
			files = (
			);
			runOnlyForDeploymentPostprocessing = 0;
		};
		A9FE179B2539494700D547C7 /* Resources */ = {
			isa = PBXResourcesBuildPhase;
			buildActionMask = 2147483647;
			files = (
			);
			runOnlyForDeploymentPostprocessing = 0;
		};
/* End PBXResourcesBuildPhase section */

/* Begin PBXSourcesBuildPhase section */
		A9FE177D2539494300D547C7 /* Sources */ = {
			isa = PBXSourcesBuildPhase;
			buildActionMask = 2147483647;
			files = (
				A9FE17B925394F1E00D547C7 /* CameraService.swift in Sources */,
				A9E6E4EF253B5EA8008B4A33 /* CameraPreview.swift in Sources */,
				A9FE17BB25394F1E00D547C7 /* CameraService+Extensions.swift in Sources */,
				A9FE17B825394F1E00D547C7 /* ImageResizer.swift in Sources */,
				A9FE17BA25394F1E00D547C7 /* PhotoCaptureProcessor.swift in Sources */,
				A9FE17872539494300D547C7 /* ContentView.swift in Sources */,
				A9FE17852539494300D547C7 /* SwiftCameraApp.swift in Sources */,
				A9FE17B725394F1E00D547C7 /* CameraService+Enums.swift in Sources */,
			);
			runOnlyForDeploymentPostprocessing = 0;
		};
		A9FE178E2539494700D547C7 /* Sources */ = {
			isa = PBXSourcesBuildPhase;
			buildActionMask = 2147483647;
			files = (
				A9FE17972539494700D547C7 /* SwiftCameraTests.swift in Sources */,
			);
			runOnlyForDeploymentPostprocessing = 0;
		};
		A9FE17992539494700D547C7 /* Sources */ = {
			isa = PBXSourcesBuildPhase;
			buildActionMask = 2147483647;
			files = (
				A9FE17A22539494700D547C7 /* SwiftCameraUITests.swift in Sources */,
			);
			runOnlyForDeploymentPostprocessing = 0;
		};
/* End PBXSourcesBuildPhase section */

/* Begin PBXTargetDependency section */
		A9FE17942539494700D547C7 /* PBXTargetDependency */ = {
			isa = PBXTargetDependency;
			target = A9FE17802539494300D547C7 /* SwiftCamera */;
			targetProxy = A9FE17932539494700D547C7 /* PBXContainerItemProxy */;
		};
		A9FE179F2539494700D547C7 /* PBXTargetDependency */ = {
			isa = PBXTargetDependency;
			target = A9FE17802539494300D547C7 /* SwiftCamera */;
			targetProxy = A9FE179E2539494700D547C7 /* PBXContainerItemProxy */;
		};
/* End PBXTargetDependency section */

/* Begin XCBuildConfiguration section */
		A9FE17A42539494700D547C7 /* Debug */ = {
			isa = XCBuildConfiguration;
			buildSettings = {
				ALWAYS_SEARCH_USER_PATHS = NO;
				CLANG_ANALYZER_NONNULL = YES;
				CLANG_ANALYZER_NUMBER_OBJECT_CONVERSION = YES_AGGRESSIVE;
				CLANG_CXX_LANGUAGE_STANDARD = "gnu++14";
				CLANG_CXX_LIBRARY = "libc++";
				CLANG_ENABLE_MODULES = YES;
				CLANG_ENABLE_OBJC_ARC = YES;
				CLANG_ENABLE_OBJC_WEAK = YES;
				CLANG_WARN_BLOCK_CAPTURE_AUTORELEASING = YES;
				CLANG_WARN_BOOL_CONVERSION = YES;
				CLANG_WARN_COMMA = YES;
				CLANG_WARN_CONSTANT_CONVERSION = YES;
				CLANG_WARN_DEPRECATED_OBJC_IMPLEMENTATIONS = YES;
				CLANG_WARN_DIRECT_OBJC_ISA_USAGE = YES_ERROR;
				CLANG_WARN_DOCUMENTATION_COMMENTS = YES;
				CLANG_WARN_EMPTY_BODY = YES;
				CLANG_WARN_ENUM_CONVERSION = YES;
				CLANG_WARN_INFINITE_RECURSION = YES;
				CLANG_WARN_INT_CONVERSION = YES;
				CLANG_WARN_NON_LITERAL_NULL_CONVERSION = YES;
				CLANG_WARN_OBJC_IMPLICIT_RETAIN_SELF = YES;
				CLANG_WARN_OBJC_LITERAL_CONVERSION = YES;
				CLANG_WARN_OBJC_ROOT_CLASS = YES_ERROR;
				CLANG_WARN_QUOTED_INCLUDE_IN_FRAMEWORK_HEADER = YES;
				CLANG_WARN_RANGE_LOOP_ANALYSIS = YES;
				CLANG_WARN_STRICT_PROTOTYPES = YES;
				CLANG_WARN_SUSPICIOUS_MOVE = YES;
				CLANG_WARN_UNGUARDED_AVAILABILITY = YES_AGGRESSIVE;
				CLANG_WARN_UNREACHABLE_CODE = YES;
				CLANG_WARN__DUPLICATE_METHOD_MATCH = YES;
				COPY_PHASE_STRIP = NO;
				DEBUG_INFORMATION_FORMAT = dwarf;
				ENABLE_STRICT_OBJC_MSGSEND = YES;
				ENABLE_TESTABILITY = YES;
				GCC_C_LANGUAGE_STANDARD = gnu11;
				GCC_DYNAMIC_NO_PIC = NO;
				GCC_NO_COMMON_BLOCKS = YES;
				GCC_OPTIMIZATION_LEVEL = 0;
				GCC_PREPROCESSOR_DEFINITIONS = (
					"DEBUG=1",
					"$(inherited)",
				);
				GCC_WARN_64_TO_32_BIT_CONVERSION = YES;
				GCC_WARN_ABOUT_RETURN_TYPE = YES_ERROR;
				GCC_WARN_UNDECLARED_SELECTOR = YES;
				GCC_WARN_UNINITIALIZED_AUTOS = YES_AGGRESSIVE;
				GCC_WARN_UNUSED_FUNCTION = YES;
				GCC_WARN_UNUSED_VARIABLE = YES;
				IPHONEOS_DEPLOYMENT_TARGET = 14.0;
				MTL_ENABLE_DEBUG_INFO = INCLUDE_SOURCE;
				MTL_FAST_MATH = YES;
				ONLY_ACTIVE_ARCH = YES;
				SDKROOT = iphoneos;
				SWIFT_ACTIVE_COMPILATION_CONDITIONS = DEBUG;
				SWIFT_OPTIMIZATION_LEVEL = "-Onone";
			};
			name = Debug;
		};
		A9FE17A52539494700D547C7 /* Release */ = {
			isa = XCBuildConfiguration;
			buildSettings = {
				ALWAYS_SEARCH_USER_PATHS = NO;
				CLANG_ANALYZER_NONNULL = YES;
				CLANG_ANALYZER_NUMBER_OBJECT_CONVERSION = YES_AGGRESSIVE;
				CLANG_CXX_LANGUAGE_STANDARD = "gnu++14";
				CLANG_CXX_LIBRARY = "libc++";
				CLANG_ENABLE_MODULES = YES;
				CLANG_ENABLE_OBJC_ARC = YES;
				CLANG_ENABLE_OBJC_WEAK = YES;
				CLANG_WARN_BLOCK_CAPTURE_AUTORELEASING = YES;
				CLANG_WARN_BOOL_CONVERSION = YES;
				CLANG_WARN_COMMA = YES;
				CLANG_WARN_CONSTANT_CONVERSION = YES;
				CLANG_WARN_DEPRECATED_OBJC_IMPLEMENTATIONS = YES;
				CLANG_WARN_DIRECT_OBJC_ISA_USAGE = YES_ERROR;
				CLANG_WARN_DOCUMENTATION_COMMENTS = YES;
				CLANG_WARN_EMPTY_BODY = YES;
				CLANG_WARN_ENUM_CONVERSION = YES;
				CLANG_WARN_INFINITE_RECURSION = YES;
				CLANG_WARN_INT_CONVERSION = YES;
				CLANG_WARN_NON_LITERAL_NULL_CONVERSION = YES;
				CLANG_WARN_OBJC_IMPLICIT_RETAIN_SELF = YES;
				CLANG_WARN_OBJC_LITERAL_CONVERSION = YES;
				CLANG_WARN_OBJC_ROOT_CLASS = YES_ERROR;
				CLANG_WARN_QUOTED_INCLUDE_IN_FRAMEWORK_HEADER = YES;
				CLANG_WARN_RANGE_LOOP_ANALYSIS = YES;
				CLANG_WARN_STRICT_PROTOTYPES = YES;
				CLANG_WARN_SUSPICIOUS_MOVE = YES;
				CLANG_WARN_UNGUARDED_AVAILABILITY = YES_AGGRESSIVE;
				CLANG_WARN_UNREACHABLE_CODE = YES;
				CLANG_WARN__DUPLICATE_METHOD_MATCH = YES;
				COPY_PHASE_STRIP = NO;
				DEBUG_INFORMATION_FORMAT = "dwarf-with-dsym";
				ENABLE_NS_ASSERTIONS = NO;
				ENABLE_STRICT_OBJC_MSGSEND = YES;
				GCC_C_LANGUAGE_STANDARD = gnu11;
				GCC_NO_COMMON_BLOCKS = YES;
				GCC_WARN_64_TO_32_BIT_CONVERSION = YES;
				GCC_WARN_ABOUT_RETURN_TYPE = YES_ERROR;
				GCC_WARN_UNDECLARED_SELECTOR = YES;
				GCC_WARN_UNINITIALIZED_AUTOS = YES_AGGRESSIVE;
				GCC_WARN_UNUSED_FUNCTION = YES;
				GCC_WARN_UNUSED_VARIABLE = YES;
				IPHONEOS_DEPLOYMENT_TARGET = 14.0;
				MTL_ENABLE_DEBUG_INFO = NO;
				MTL_FAST_MATH = YES;
				SDKROOT = iphoneos;
				SWIFT_COMPILATION_MODE = wholemodule;
				SWIFT_OPTIMIZATION_LEVEL = "-O";
				VALIDATE_PRODUCT = YES;
			};
			name = Release;
		};
		A9FE17A72539494700D547C7 /* Debug */ = {
			isa = XCBuildConfiguration;
			buildSettings = {
				ASSETCATALOG_COMPILER_APPICON_NAME = AppIcon;
				ASSETCATALOG_COMPILER_GLOBAL_ACCENT_COLOR_NAME = AccentColor;
				CODE_SIGN_STYLE = Automatic;
				DEVELOPMENT_ASSET_PATHS = "\"SwiftCamera/Preview Content\"";
				DEVELOPMENT_TEAM = HS2HJ27PLP;
				ENABLE_PREVIEWS = YES;
				INFOPLIST_FILE = SwiftCamera/Info.plist;
				IPHONEOS_DEPLOYMENT_TARGET = 14.0;
				LD_RUNPATH_SEARCH_PATHS = (
					"$(inherited)",
					"@executable_path/Frameworks",
				);
				PRODUCT_BUNDLE_IDENTIFIER = pe.rry.SwiftCamera;
				PRODUCT_NAME = "$(TARGET_NAME)";
				SWIFT_VERSION = 5.0;
				TARGETED_DEVICE_FAMILY = "1,2";
			};
			name = Debug;
		};
		A9FE17A82539494700D547C7 /* Release */ = {
			isa = XCBuildConfiguration;
			buildSettings = {
				ASSETCATALOG_COMPILER_APPICON_NAME = AppIcon;
				ASSETCATALOG_COMPILER_GLOBAL_ACCENT_COLOR_NAME = AccentColor;
				CODE_SIGN_STYLE = Automatic;
				DEVELOPMENT_ASSET_PATHS = "\"SwiftCamera/Preview Content\"";
				DEVELOPMENT_TEAM = HS2HJ27PLP;
				ENABLE_PREVIEWS = YES;
				INFOPLIST_FILE = SwiftCamera/Info.plist;
				IPHONEOS_DEPLOYMENT_TARGET = 14.0;
				LD_RUNPATH_SEARCH_PATHS = (
					"$(inherited)",
					"@executable_path/Frameworks",
				);
				PRODUCT_BUNDLE_IDENTIFIER = pe.rry.SwiftCamera;
				PRODUCT_NAME = "$(TARGET_NAME)";
				SWIFT_VERSION = 5.0;
				TARGETED_DEVICE_FAMILY = "1,2";
			};
			name = Release;
		};
		A9FE17AA2539494700D547C7 /* Debug */ = {
			isa = XCBuildConfiguration;
			buildSettings = {
				ALWAYS_EMBED_SWIFT_STANDARD_LIBRARIES = YES;
				BUNDLE_LOADER = "$(TEST_HOST)";
				CODE_SIGN_STYLE = Automatic;
				DEVELOPMENT_TEAM = HS2HJ27PLP;
				INFOPLIST_FILE = SwiftCameraTests/Info.plist;
				IPHONEOS_DEPLOYMENT_TARGET = 14.0;
				LD_RUNPATH_SEARCH_PATHS = (
					"$(inherited)",
					"@executable_path/Frameworks",
					"@loader_path/Frameworks",
				);
				PRODUCT_BUNDLE_IDENTIFIER = pe.rry.SwiftCameraTests;
				PRODUCT_NAME = "$(TARGET_NAME)";
				SWIFT_VERSION = 5.0;
				TARGETED_DEVICE_FAMILY = "1,2";
				TEST_HOST = "$(BUILT_PRODUCTS_DIR)/SwiftCamera.app/SwiftCamera";
			};
			name = Debug;
		};
		A9FE17AB2539494700D547C7 /* Release */ = {
			isa = XCBuildConfiguration;
			buildSettings = {
				ALWAYS_EMBED_SWIFT_STANDARD_LIBRARIES = YES;
				BUNDLE_LOADER = "$(TEST_HOST)";
				CODE_SIGN_STYLE = Automatic;
				DEVELOPMENT_TEAM = HS2HJ27PLP;
				INFOPLIST_FILE = SwiftCameraTests/Info.plist;
				IPHONEOS_DEPLOYMENT_TARGET = 14.0;
				LD_RUNPATH_SEARCH_PATHS = (
					"$(inherited)",
					"@executable_path/Frameworks",
					"@loader_path/Frameworks",
				);
				PRODUCT_BUNDLE_IDENTIFIER = pe.rry.SwiftCameraTests;
				PRODUCT_NAME = "$(TARGET_NAME)";
				SWIFT_VERSION = 5.0;
				TARGETED_DEVICE_FAMILY = "1,2";
				TEST_HOST = "$(BUILT_PRODUCTS_DIR)/SwiftCamera.app/SwiftCamera";
			};
			name = Release;
		};
		A9FE17AD2539494700D547C7 /* Debug */ = {
			isa = XCBuildConfiguration;
			buildSettings = {
				ALWAYS_EMBED_SWIFT_STANDARD_LIBRARIES = YES;
				CODE_SIGN_STYLE = Automatic;
				DEVELOPMENT_TEAM = HS2HJ27PLP;
				INFOPLIST_FILE = SwiftCameraUITests/Info.plist;
				LD_RUNPATH_SEARCH_PATHS = (
					"$(inherited)",
					"@executable_path/Frameworks",
					"@loader_path/Frameworks",
				);
				PRODUCT_BUNDLE_IDENTIFIER = pe.rry.SwiftCameraUITests;
				PRODUCT_NAME = "$(TARGET_NAME)";
				SWIFT_VERSION = 5.0;
				TARGETED_DEVICE_FAMILY = "1,2";
				TEST_TARGET_NAME = SwiftCamera;
			};
			name = Debug;
		};
		A9FE17AE2539494700D547C7 /* Release */ = {
			isa = XCBuildConfiguration;
			buildSettings = {
				ALWAYS_EMBED_SWIFT_STANDARD_LIBRARIES = YES;
				CODE_SIGN_STYLE = Automatic;
				DEVELOPMENT_TEAM = HS2HJ27PLP;
				INFOPLIST_FILE = SwiftCameraUITests/Info.plist;
				LD_RUNPATH_SEARCH_PATHS = (
					"$(inherited)",
					"@executable_path/Frameworks",
					"@loader_path/Frameworks",
				);
				PRODUCT_BUNDLE_IDENTIFIER = pe.rry.SwiftCameraUITests;
				PRODUCT_NAME = "$(TARGET_NAME)";
				SWIFT_VERSION = 5.0;
				TARGETED_DEVICE_FAMILY = "1,2";
				TEST_TARGET_NAME = SwiftCamera;
			};
			name = Release;
		};
/* End XCBuildConfiguration section */

/* Begin XCConfigurationList section */
		A9FE177C2539494300D547C7 /* Build configuration list for PBXProject "SwiftCamera" */ = {
			isa = XCConfigurationList;
			buildConfigurations = (
				A9FE17A42539494700D547C7 /* Debug */,
				A9FE17A52539494700D547C7 /* Release */,
			);
			defaultConfigurationIsVisible = 0;
			defaultConfigurationName = Release;
		};
		A9FE17A62539494700D547C7 /* Build configuration list for PBXNativeTarget "SwiftCamera" */ = {
			isa = XCConfigurationList;
			buildConfigurations = (
				A9FE17A72539494700D547C7 /* Debug */,
				A9FE17A82539494700D547C7 /* Release */,
			);
			defaultConfigurationIsVisible = 0;
			defaultConfigurationName = Release;
		};
		A9FE17A92539494700D547C7 /* Build configuration list for PBXNativeTarget "SwiftCameraTests" */ = {
			isa = XCConfigurationList;
			buildConfigurations = (
				A9FE17AA2539494700D547C7 /* Debug */,
				A9FE17AB2539494700D547C7 /* Release */,
			);
			defaultConfigurationIsVisible = 0;
			defaultConfigurationName = Release;
		};
		A9FE17AC2539494700D547C7 /* Build configuration list for PBXNativeTarget "SwiftCameraUITests" */ = {
			isa = XCConfigurationList;
			buildConfigurations = (
				A9FE17AD2539494700D547C7 /* Debug */,
				A9FE17AE2539494700D547C7 /* Release */,
			);
			defaultConfigurationIsVisible = 0;
			defaultConfigurationName = Release;
		};
/* End XCConfigurationList section */
	};
	rootObject = A9FE17792539494300D547C7 /* Project object */;
}
